
Microsoft Visual Studio Solution File, Format Version 12.00
# Visual Studio Version 16
VisualStudioVersion = 16.0.31729.503
MinimumVisualStudioVersion = 10.0.40219.1
Project("{FAE04EC0-301F-11D3-BF4B-00C04F79EFBC}") = "pikpo_job", "pikpo_job.csproj", "{153FF2E1-616A-4BDA-9EFA-159DFCD5E090}"
EndProject
Global
	GlobalSection(SolutionConfigurationPlatforms) = preSolution
		Debug|Any CPU = Debug|Any CPU
		Release|Any CPU = Release|Any CPU
	EndGlobalSection
	GlobalSection(ProjectConfigurationPlatforms) = postSolution
		{153FF2E1-616A-4BDA-9EFA-159DFCD5E090}.Debug|Any CPU.ActiveCfg = Debug|Any CPU
		{153FF2E1-616A-4BDA-9EFA-159DFCD5E090}.Debug|Any CPU.Build.0 = Debug|Any CPU
		{153FF2E1-616A-4BDA-9EFA-159DFCD5E090}.Release|Any CPU.ActiveCfg = Release|Any CPU
		{153FF2E1-616A-4BDA-9EFA-159DFCD5E090}.Release|Any CPU.Build.0 = Release|Any CPU
	EndGlobalSection
	GlobalSection(SolutionProperties) = preSolution
		HideSolutionNode = FALSE
	EndGlobalSection
	GlobalSection(ExtensibilityGlobals) = postSolution
		SolutionGuid = {D9F2D97C-FEED-4E56-919B-66FBE8703988}
	EndGlobalSection
EndGlobal
